
Microsoft Visual Studio Solution File, Format Version 12.00
# Visual Studio Version 16
VisualStudioVersion = 16.0.29409.12
MinimumVisualStudioVersion = 10.0.40219.1
Project("{9A19103F-16F7-4668-BE54-9A1E7A4F7556}") = "LicenseManagerWeb", "LicenseManagerWeb\LicenseManagerWeb.csproj", "{708E49B2-A2BF-4014-9D0F-BD306B8AF487}"
EndProject
Project("{9A19103F-16F7-4668-BE54-9A1E7A4F7556}") = "Domain", "Domain\Domain.csproj", "{94714FED-35BF-45C3-9FA6-8636944A851A}"
EndProject
Project("{FAE04EC0-301F-11D3-BF4B-00C04F79EFBC}") = "DAL", "DAL\DAL.csproj", "{C2B0AF08-3767-4BB1-9D9A-A9CFA92CE76B}"
EndProject
Global
	GlobalSection(SolutionConfigurationPlatforms) = preSolution
		Debug|Any CPU = Debug|Any CPU
		Release|Any CPU = Release|Any CPU
	EndGlobalSection
	GlobalSection(ProjectConfigurationPlatforms) = postSolution
		{708E49B2-A2BF-4014-9D0F-BD306B8AF487}.Debug|Any CPU.ActiveCfg = Debug|Any CPU
		{708E49B2-A2BF-4014-9D0F-BD306B8AF487}.Debug|Any CPU.Build.0 = Debug|Any CPU
		{708E49B2-A2BF-4014-9D0F-BD306B8AF487}.Release|Any CPU.ActiveCfg = Release|Any CPU
		{708E49B2-A2BF-4014-9D0F-BD306B8AF487}.Release|Any CPU.Build.0 = Release|Any CPU
		{94714FED-35BF-45C3-9FA6-8636944A851A}.Debug|Any CPU.ActiveCfg = Debug|Any CPU
		{94714FED-35BF-45C3-9FA6-8636944A851A}.Debug|Any CPU.Build.0 = Debug|Any CPU
		{94714FED-35BF-45C3-9FA6-8636944A851A}.Release|Any CPU.ActiveCfg = Release|Any CPU
		{94714FED-35BF-45C3-9FA6-8636944A851A}.Release|Any CPU.Build.0 = Release|Any CPU
		{C2B0AF08-3767-4BB1-9D9A-A9CFA92CE76B}.Debug|Any CPU.ActiveCfg = Debug|Any CPU
		{C2B0AF08-3767-4BB1-9D9A-A9CFA92CE76B}.Debug|Any CPU.Build.0 = Debug|Any CPU
		{C2B0AF08-3767-4BB1-9D9A-A9CFA92CE76B}.Release|Any CPU.ActiveCfg = Release|Any CPU
		{C2B0AF08-3767-4BB1-9D9A-A9CFA92CE76B}.Release|Any CPU.Build.0 = Release|Any CPU
	EndGlobalSection
	GlobalSection(SolutionProperties) = preSolution
		HideSolutionNode = FALSE
	EndGlobalSection
	GlobalSection(ExtensibilityGlobals) = postSolution
		SolutionGuid = {B2CDEC39-BDF6-45EE-8A3D-195586C10F68}
	EndGlobalSection
EndGlobal
